
Microsoft Visual Studio Solution File, Format Version 12.00
# Visual Studio Version 17
VisualStudioVersion = 17.1.32407.343
MinimumVisualStudioVersion = 10.0.40219.1
Project("{FAE04EC0-301F-11D3-BF4B-00C04F79EFBC}") = "ExCalculosAsync", "ExCalculosAsync\ExCalculosAsync.csproj", "{9D8251BD-7F92-4006-80B6-E1DF6C95C8FC}"
EndProject
Global
	GlobalSection(SolutionConfigurationPlatforms) = preSolution
		Debug|Any CPU = Debug|Any CPU
		Release|Any CPU = Release|Any CPU
	EndGlobalSection
	GlobalSection(ProjectConfigurationPlatforms) = postSolution
		{9D8251BD-7F92-4006-80B6-E1DF6C95C8FC}.Debug|Any CPU.ActiveCfg = Debug|Any CPU
		{9D8251BD-7F92-4006-80B6-E1DF6C95C8FC}.Debug|Any CPU.Build.0 = Debug|Any CPU
		{9D8251BD-7F92-4006-80B6-E1DF6C95C8FC}.Release|Any CPU.ActiveCfg = Release|Any CPU
		{9D8251BD-7F92-4006-80B6-E1DF6C95C8FC}.Release|Any CPU.Build.0 = Release|Any CPU
	EndGlobalSection
	GlobalSection(SolutionProperties) = preSolution
		HideSolutionNode = FALSE
	EndGlobalSection
	GlobalSection(ExtensibilityGlobals) = postSolution
		SolutionGuid = {EAC34AD4-BE02-418C-9CC6-AF90BB06FE6C}
	EndGlobalSection
EndGlobal
